# This file is automatically @generated by Cargo.
# It is not intended for manual editing.
version = 4

[[package]]
name = "jpp-cli"
version = "0.1.0"
dependencies = [
 "jpp-diagnostics",
 "jpp-generator",
 "jpp-parser",
]

[[package]]
name = "jpp-diagnostics"
version = "0.1.0"

[[package]]
name = "jpp-generator"
version = "0.1.0"
dependencies = [
 "jpp-diagnostics",
 "jpp-model",
 "jpp-parser",
]

[[package]]
name = "jpp-model"
version = "0.1.0"
dependencies = [
 "jpp-diagnostics",
]

[[package]]
name = "jpp-parser"
version = "0.1.0"
dependencies = [
 "jpp-diagnostics",
 "jpp-model",
]

[[package]]
name = "jpp-runtime-tests"
version = "0.1.0"
dependencies = [
 "jpp-generator",
 "jpp-parser",
]
